
Microsoft Visual Studio Solution File, Format Version 12.00
# Visual Studio 15
VisualStudioVersion = 15.0.28307.1500
MinimumVisualStudioVersion = 10.0.40219.1
Project("{FAE04EC0-301F-11D3-BF4B-00C04F79EFBC}") = "Uri_1114", "Uri_1114\Uri_1114.csproj", "{E91AE945-A2A5-44B7-B6FF-56F3B554B4AE}"
EndProject
Global
	GlobalSection(SolutionConfigurationPlatforms) = preSolution
		Debug|Any CPU = Debug|Any CPU
		Release|Any CPU = Release|Any CPU
	EndGlobalSection
	GlobalSection(ProjectConfigurationPlatforms) = postSolution
		{E91AE945-A2A5-44B7-B6FF-56F3B554B4AE}.Debug|Any CPU.ActiveCfg = Debug|Any CPU
		{E91AE945-A2A5-44B7-B6FF-56F3B554B4AE}.Debug|Any CPU.Build.0 = Debug|Any CPU
		{E91AE945-A2A5-44B7-B6FF-56F3B554B4AE}.Release|Any CPU.ActiveCfg = Release|Any CPU
		{E91AE945-A2A5-44B7-B6FF-56F3B554B4AE}.Release|Any CPU.Build.0 = Release|Any CPU
	EndGlobalSection
	GlobalSection(SolutionProperties) = preSolution
		HideSolutionNode = FALSE
	EndGlobalSection
	GlobalSection(ExtensibilityGlobals) = postSolution
		SolutionGuid = {05A95361-80AC-4F92-9BBA-CCA439507DE2}
	EndGlobalSection
EndGlobal
